<?xml version="1.0" encoding="utf-8"?>
<Project ToolsVersion="4.0" xmlns="http://schemas.microsoft.com/developer/msbuild/2003">
  <ItemGroup>
    <Filter Include="Source Files">
      <UniqueIdentifier>{4FC737F1-C7A5-4376-A066-2A32D752A2FF}</UniqueIdentifier>
      <Extensions>cpp;c;cc;cxx;def;odl;idl;hpj;bat;asm;asmx</Extensions>
    </Filter>
    <Filter Include="Header Files">
      <UniqueIdentifier>{93995380-89BD-4b04-88EB-625FBE52EBFB}</UniqueIdentifier>
      <Extensions>h;hh;hpp;hxx;hm;inl;inc;xsd</Extensions>
    </Filter>
    <Filter Include="Resource Files">
      <UniqueIdentifier>{67DA6AB6-F800-4c08-8B7A-83BB121AAD01}</UniqueIdentifier>
      <Extensions>rc;ico;cur;bmp;dlg;rc2;rct;bin;rgs;gif;jpg;jpeg;jpe;resx;tiff;tif;png;wav;mfcribbon-ms</Extensions>
    </Filter>
    <Filter Include="Header Files\Database">
      <UniqueIdentifier>{9012c157-3e4b-4c99-8f03-cb392011a5dd}</UniqueIdentifier>
    </Filter>
    <Filter Include="Header Files\Database\Model">
      <UniqueIdentifier>{4e17ea2f-90fa-490c-97f4-b5e3a6b3cccf}</UniqueIdentifier>
    </Filter>
    <Filter Include="Source Files\Database">
      <UniqueIdentifier>{eeec6d82-3c60-46a7-8c48-0554944187cd}</UniqueIdentifier>
    </Filter>
    <Filter Include="Source Files\Database\Model">
      <UniqueIdentifier>{97d148ca-6be9-4267-a771-5f1f38b09120}</UniqueIdentifier>
    </Filter>
    <Filter Include="Header Files\Misc">
      <UniqueIdentifier>{31d676c8-a95f-472d-8373-a5727cb3f47b}</UniqueIdentifier>
    </Filter>
    <Filter Include="Source Files\Misc">
      <UniqueIdentifier>{1cd81036-6583-4021-afe4-9b1ced612560}</UniqueIdentifier>
    </Filter>
    <Filter Include="Header Files\UnitTests">
      <UniqueIdentifier>{ac57f7b7-1dee-46ef-9c60-646b341b7cf6}</UniqueIdentifier>
    </Filter>
    <Filter Include="Source Files\UnitTests">
      <UniqueIdentifier>{708a2f55-d4c5-4125-b3c5-2967ee55b5c3}</UniqueIdentifier>
    </Filter>
    <Filter Include="Header Files\Requests">
      <UniqueIdentifier>{23afeafa-2be4-4839-9939-f4bf2acebb41}</UniqueIdentifier>
    </Filter>
    <Filter Include="Header Files\Samples">
      <UniqueIdentifier>{94cb1b19-7bb2-4000-80e9-e4136860d746}</UniqueIdentifier>
    </Filter>
    <Filter Include="Source Files\Samples">
      <UniqueIdentifier>{c094c25b-1d96-44ce-a48c-ebad5f1b55c2}</UniqueIdentifier>
    </Filter>
  </ItemGroup>
  <ItemGroup>
    <ClCompile Include="Department.cpp">
      <Filter>Source Files\Database\Model</Filter>
    </ClCompile>
    <ClCompile Include="Doctor.cpp">
      <Filter>Source Files\Database\Model</Filter>
    </ClCompile>
    <ClCompile Include="MedicalFile.cpp">
      <Filter>Source Files\Database\Model</Filter>
    </ClCompile>
    <ClCompile Include="Patient.cpp">
      <Filter>Source Files\Database\Model</Filter>
    </ClCompile>
    <ClCompile Include="Person.cpp">
      <Filter>Source Files\Database\Model</Filter>
    </ClCompile>
    <ClCompile Include="stdafx.cpp">
      <Filter>Source Files</Filter>
    </ClCompile>
    <ClCompile Include="Entrypoint.cpp">
      <Filter>Source Files</Filter>
    </ClCompile>
    <ClCompile Include="Logger.cpp">
      <Filter>Source Files\Misc</Filter>
    </ClCompile>
    <ClCompile Include="Utils.cpp">
      <Filter>Source Files\Misc</Filter>
    </ClCompile>
    <ClCompile Include="TestsDB.cpp">
      <Filter>Source Files\UnitTests</Filter>
    </ClCompile>
    <ClCompile Include="System.cpp">
      <Filter>Source Files\Misc</Filter>
    </ClCompile>
    <ClCompile Include="BaseEntity.cpp">
      <Filter>Source Files\Database\Model</Filter>
    </ClCompile>
    <ClCompile Include="SampleData.cpp">
      <Filter>Source Files\Samples</Filter>
    </ClCompile>
    <ClCompile Include="SampleRequests.cpp">
      <Filter>Source Files\Samples</Filter>
    </ClCompile>
  </ItemGroup>
  <ItemGroup>
    <ClInclude Include="Department.h">
      <Filter>Header Files\Database\Model</Filter>
    </ClInclude>
    <ClInclude Include="Doctor.h">
      <Filter>Header Files\Database\Model</Filter>
    </ClInclude>
    <ClInclude Include="MedicalFile.h">
      <Filter>Header Files\Database\Model</Filter>
    </ClInclude>
    <ClInclude Include="Patient.h">
      <Filter>Header Files\Database\Model</Filter>
    </ClInclude>
    <ClInclude Include="Person.h">
      <Filter>Header Files\Database\Model</Filter>
    </ClInclude>
    <ClInclude Include="stdafx.h">
      <Filter>Header Files</Filter>
    </ClInclude>
    <ClInclude Include="Context.h">
      <Filter>Header Files\Database</Filter>
    </ClInclude>
    <ClInclude Include="Logger.h">
      <Filter>Header Files\Misc</Filter>
    </ClInclude>
    <ClInclude Include="Utils.h">
      <Filter>Header Files\Misc</Filter>
    </ClInclude>
    <ClInclude Include="TestsDB.h">
      <Filter>Header Files\UnitTests</Filter>
    </ClInclude>
    <ClInclude Include="System.h">
      <Filter>Header Files\Misc</Filter>
    </ClInclude>
    <ClInclude Include="BaseRequest.h">
      <Filter>Header Files\Requests</Filter>
    </ClInclude>
    <ClInclude Include="SelectRequest.h">
      <Filter>Header Files\Requests</Filter>
    </ClInclude>
    <ClInclude Include="DeleteRequest.h">
      <Filter>Header Files\Requests</Filter>
    </ClInclude>
    <ClInclude Include="InsertRequest.h">
      <Filter>Header Files\Requests</Filter>
    </ClInclude>
    <ClInclude Include="RequestsContainer.h">
      <Filter>Header Files\Requests</Filter>
    </ClInclude>
    <ClInclude Include="BaseEntity.h">
      <Filter>Header Files\Database\Model</Filter>
    </ClInclude>
    <ClInclude Include="Disease.h">
      <Filter>Header Files\Database\Model</Filter>
    </ClInclude>
    <ClInclude Include="Grade.h">
      <Filter>Header Files\Database\Model</Filter>
    </ClInclude>
    <ClInclude Include="SampleData.h">
      <Filter>Header Files\Samples</Filter>
    </ClInclude>
    <ClInclude Include="SampleRequests.h">
      <Filter>Header Files\Samples</Filter>
    </ClInclude>
  </ItemGroup>
</Project>